
Microsoft Visual Studio Solution File, Format Version 12.00
# Visual Studio Version 16
VisualStudioVersion = 16.0.29911.84
MinimumVisualStudioVersion = 10.0.40219.1
Project("{9A19103F-16F7-4668-BE54-9A1E7A4F7556}") = "Chess.Users.Services", "Chess.Users.Services\Chess.Users.Services.csproj", "{A6FB553E-A44E-42BA-A605-19DF8F340582}"
EndProject
Project("{9A19103F-16F7-4668-BE54-9A1E7A4F7556}") = "Chess.Users.Api", "Chess.Users.Api\Chess.Users.Api.csproj", "{D835C5B8-0FA1-45DD-ACD2-300C420E8951}"
EndProject
Project("{9A19103F-16F7-4668-BE54-9A1E7A4F7556}") = "Chess.Users.DataAccess", "Chess.Users.DataAccess\Chess.Users.DataAccess.csproj", "{404DF6EF-9F13-485B-9042-C46CEE941677}"
EndProject
Project("{9A19103F-16F7-4668-BE54-9A1E7A4F7556}") = "Chess.Users.Models", "Chess.Users.Models\Chess.Users.Models.csproj", "{58FABF54-FD79-4970-8787-79A6FB4F84A7}"
EndProject
Project("{2150E333-8FDC-42A3-9474-1A3956D46DE8}") = "Chess.Users", "Chess.Users", "{70A2642C-26EB-47B3-8F4E-A27ED0F289D5}"
EndProject
Project("{9A19103F-16F7-4668-BE54-9A1E7A4F7556}") = "Chess.ApiGateway.Api", "Chess.ApiGateway\Chess.ApiGateway.Api.csproj", "{2E2A394B-78D3-4285-98CD-851FDB09DF2B}"
EndProject
Project("{2150E333-8FDC-42A3-9474-1A3956D46DE8}") = "ApiGateway", "ApiGateway", "{DA52BDC1-C4E6-4393-B685-F8ADA53AA7E6}"
EndProject
Project("{2150E333-8FDC-42A3-9474-1A3956D46DE8}") = "Chess.Core", "Chess.Core", "{AF3F2886-0AA8-4B7A-A1F9-1A8EE402F22F}"
EndProject
Project("{9A19103F-16F7-4668-BE54-9A1E7A4F7556}") = "Chess.Core.DataAccess", "Chess.Core.DataAccess\Chess.Core.DataAccess.csproj", "{1EDE4DBB-7073-46D1-97D8-236FA8D4DCD0}"
EndProject
Project("{9A19103F-16F7-4668-BE54-9A1E7A4F7556}") = "Chess.Core.Middlewares", "Chess.Core.Middlewares\Chess.Core.Middlewares.csproj", "{43FA652E-EDC8-44CB-98E1-D186371503BE}"
EndProject
Project("{9A19103F-16F7-4668-BE54-9A1E7A4F7556}") = "Chess.Users.Clients", "Chess.Users.Clients\Chess.Users.Clients.csproj", "{13A9A5B6-BC3C-45ED-87C5-F82D23090760}"
EndProject
Project("{9A19103F-16F7-4668-BE54-9A1E7A4F7556}") = "Chess.Core.Api", "Chess.Core.Api\Chess.Core.Api.csproj", "{6AC91633-C453-4A4A-9333-C2A0752B4C0D}"
EndProject
Project("{9A19103F-16F7-4668-BE54-9A1E7A4F7556}") = "Chess.Core.Models", "Chess.Core.Models\Chess.Core.Models.csproj", "{CF5C1C4F-677C-4EF1-AFEC-5D2AD459D2C8}"
EndProject
Project("{9A19103F-16F7-4668-BE54-9A1E7A4F7556}") = "Chess.Core.Services", "Chess.Core.Services\Chess.Core.Services.csproj", "{A3B20486-0351-4EE6-A466-827391E71EA5}"
EndProject
Project("{9A19103F-16F7-4668-BE54-9A1E7A4F7556}") = "Chess.Core.Domain", "Chess.Core.Domain\Chess.Core.Domain.csproj", "{3E5BA511-FDB7-4290-B6AA-E48651DB3730}"
EndProject
Project("{2150E333-8FDC-42A3-9474-1A3956D46DE8}") = "Chess.GameEngine", "Chess.GameEngine", "{38C5FA77-9FF3-4EA6-AC5D-30A3F3BB9978}"
EndProject
Project("{9A19103F-16F7-4668-BE54-9A1E7A4F7556}") = "Chess.GameEngine.DataAccess", "Chess.GameEngine.DataAccess\Chess.GameEngine.DataAccess.csproj", "{D4785E7E-7A3F-4B8F-88CE-38321C2CEF18}"
EndProject
Project("{9A19103F-16F7-4668-BE54-9A1E7A4F7556}") = "Chess.GameEngine.Api", "Chess.GameEngine.Api\Chess.GameEngine.Api.csproj", "{881AD1C9-89FA-4549-ABE6-FAB6A4C72D07}"
EndProject
Project("{9A19103F-16F7-4668-BE54-9A1E7A4F7556}") = "Chess.GameEngine.Models", "Chess.GameEngine.Models\Chess.GameEngine.Models.csproj", "{79B56B3F-AAF9-404E-81FA-09CF72004019}"
EndProject
Project("{FAE04EC0-301F-11D3-BF4B-00C04F79EFBC}") = "Chess.GameEngine.Services", "Chess.GameEngine.Services\Chess.GameEngine.Services.csproj", "{A6759497-8F90-4631-8698-9AC2365C6364}"
EndProject
Global
	GlobalSection(SolutionConfigurationPlatforms) = preSolution
		Debug|Any CPU = Debug|Any CPU
		Release|Any CPU = Release|Any CPU
	EndGlobalSection
	GlobalSection(ProjectConfigurationPlatforms) = postSolution
		{A6FB553E-A44E-42BA-A605-19DF8F340582}.Debug|Any CPU.ActiveCfg = Debug|Any CPU
		{A6FB553E-A44E-42BA-A605-19DF8F340582}.Debug|Any CPU.Build.0 = Debug|Any CPU
		{A6FB553E-A44E-42BA-A605-19DF8F340582}.Release|Any CPU.ActiveCfg = Release|Any CPU
		{A6FB553E-A44E-42BA-A605-19DF8F340582}.Release|Any CPU.Build.0 = Release|Any CPU
		{D835C5B8-0FA1-45DD-ACD2-300C420E8951}.Debug|Any CPU.ActiveCfg = Debug|Any CPU
		{D835C5B8-0FA1-45DD-ACD2-300C420E8951}.Debug|Any CPU.Build.0 = Debug|Any CPU
		{D835C5B8-0FA1-45DD-ACD2-300C420E8951}.Release|Any CPU.ActiveCfg = Release|Any CPU
		{D835C5B8-0FA1-45DD-ACD2-300C420E8951}.Release|Any CPU.Build.0 = Release|Any CPU
		{404DF6EF-9F13-485B-9042-C46CEE941677}.Debug|Any CPU.ActiveCfg = Debug|Any CPU
		{404DF6EF-9F13-485B-9042-C46CEE941677}.Debug|Any CPU.Build.0 = Debug|Any CPU
		{404DF6EF-9F13-485B-9042-C46CEE941677}.Release|Any CPU.ActiveCfg = Release|Any CPU
		{404DF6EF-9F13-485B-9042-C46CEE941677}.Release|Any CPU.Build.0 = Release|Any CPU
		{58FABF54-FD79-4970-8787-79A6FB4F84A7}.Debug|Any CPU.ActiveCfg = Debug|Any CPU
		{58FABF54-FD79-4970-8787-79A6FB4F84A7}.Debug|Any CPU.Build.0 = Debug|Any CPU
		{58FABF54-FD79-4970-8787-79A6FB4F84A7}.Release|Any CPU.ActiveCfg = Release|Any CPU
		{58FABF54-FD79-4970-8787-79A6FB4F84A7}.Release|Any CPU.Build.0 = Release|Any CPU
		{2E2A394B-78D3-4285-98CD-851FDB09DF2B}.Debug|Any CPU.ActiveCfg = Debug|Any CPU
		{2E2A394B-78D3-4285-98CD-851FDB09DF2B}.Debug|Any CPU.Build.0 = Debug|Any CPU
		{2E2A394B-78D3-4285-98CD-851FDB09DF2B}.Release|Any CPU.ActiveCfg = Release|Any CPU
		{2E2A394B-78D3-4285-98CD-851FDB09DF2B}.Release|Any CPU.Build.0 = Release|Any CPU
		{1EDE4DBB-7073-46D1-97D8-236FA8D4DCD0}.Debug|Any CPU.ActiveCfg = Debug|Any CPU
		{1EDE4DBB-7073-46D1-97D8-236FA8D4DCD0}.Debug|Any CPU.Build.0 = Debug|Any CPU
		{1EDE4DBB-7073-46D1-97D8-236FA8D4DCD0}.Release|Any CPU.ActiveCfg = Release|Any CPU
		{1EDE4DBB-7073-46D1-97D8-236FA8D4DCD0}.Release|Any CPU.Build.0 = Release|Any CPU
		{43FA652E-EDC8-44CB-98E1-D186371503BE}.Debug|Any CPU.ActiveCfg = Debug|Any CPU
		{43FA652E-EDC8-44CB-98E1-D186371503BE}.Debug|Any CPU.Build.0 = Debug|Any CPU
		{43FA652E-EDC8-44CB-98E1-D186371503BE}.Release|Any CPU.ActiveCfg = Release|Any CPU
		{43FA652E-EDC8-44CB-98E1-D186371503BE}.Release|Any CPU.Build.0 = Release|Any CPU
		{13A9A5B6-BC3C-45ED-87C5-F82D23090760}.Debug|Any CPU.ActiveCfg = Debug|Any CPU
		{13A9A5B6-BC3C-45ED-87C5-F82D23090760}.Debug|Any CPU.Build.0 = Debug|Any CPU
		{13A9A5B6-BC3C-45ED-87C5-F82D23090760}.Release|Any CPU.ActiveCfg = Release|Any CPU
		{13A9A5B6-BC3C-45ED-87C5-F82D23090760}.Release|Any CPU.Build.0 = Release|Any CPU
		{6AC91633-C453-4A4A-9333-C2A0752B4C0D}.Debug|Any CPU.ActiveCfg = Debug|Any CPU
		{6AC91633-C453-4A4A-9333-C2A0752B4C0D}.Debug|Any CPU.Build.0 = Debug|Any CPU
		{6AC91633-C453-4A4A-9333-C2A0752B4C0D}.Release|Any CPU.ActiveCfg = Release|Any CPU
		{6AC91633-C453-4A4A-9333-C2A0752B4C0D}.Release|Any CPU.Build.0 = Release|Any CPU
		{CF5C1C4F-677C-4EF1-AFEC-5D2AD459D2C8}.Debug|Any CPU.ActiveCfg = Debug|Any CPU
		{CF5C1C4F-677C-4EF1-AFEC-5D2AD459D2C8}.Debug|Any CPU.Build.0 = Debug|Any CPU
		{CF5C1C4F-677C-4EF1-AFEC-5D2AD459D2C8}.Release|Any CPU.ActiveCfg = Release|Any CPU
		{CF5C1C4F-677C-4EF1-AFEC-5D2AD459D2C8}.Release|Any CPU.Build.0 = Release|Any CPU
		{A3B20486-0351-4EE6-A466-827391E71EA5}.Debug|Any CPU.ActiveCfg = Debug|Any CPU
		{A3B20486-0351-4EE6-A466-827391E71EA5}.Debug|Any CPU.Build.0 = Debug|Any CPU
		{A3B20486-0351-4EE6-A466-827391E71EA5}.Release|Any CPU.ActiveCfg = Release|Any CPU
		{A3B20486-0351-4EE6-A466-827391E71EA5}.Release|Any CPU.Build.0 = Release|Any CPU
		{3E5BA511-FDB7-4290-B6AA-E48651DB3730}.Debug|Any CPU.ActiveCfg = Debug|Any CPU
		{3E5BA511-FDB7-4290-B6AA-E48651DB3730}.Debug|Any CPU.Build.0 = Debug|Any CPU
		{3E5BA511-FDB7-4290-B6AA-E48651DB3730}.Release|Any CPU.ActiveCfg = Release|Any CPU
		{3E5BA511-FDB7-4290-B6AA-E48651DB3730}.Release|Any CPU.Build.0 = Release|Any CPU
		{D4785E7E-7A3F-4B8F-88CE-38321C2CEF18}.Debug|Any CPU.ActiveCfg = Debug|Any CPU
		{D4785E7E-7A3F-4B8F-88CE-38321C2CEF18}.Debug|Any CPU.Build.0 = Debug|Any CPU
		{D4785E7E-7A3F-4B8F-88CE-38321C2CEF18}.Release|Any CPU.ActiveCfg = Release|Any CPU
		{D4785E7E-7A3F-4B8F-88CE-38321C2CEF18}.Release|Any CPU.Build.0 = Release|Any CPU
		{881AD1C9-89FA-4549-ABE6-FAB6A4C72D07}.Debug|Any CPU.ActiveCfg = Debug|Any CPU
		{881AD1C9-89FA-4549-ABE6-FAB6A4C72D07}.Debug|Any CPU.Build.0 = Debug|Any CPU
		{881AD1C9-89FA-4549-ABE6-FAB6A4C72D07}.Release|Any CPU.ActiveCfg = Release|Any CPU
		{881AD1C9-89FA-4549-ABE6-FAB6A4C72D07}.Release|Any CPU.Build.0 = Release|Any CPU
		{79B56B3F-AAF9-404E-81FA-09CF72004019}.Debug|Any CPU.ActiveCfg = Debug|Any CPU
		{79B56B3F-AAF9-404E-81FA-09CF72004019}.Debug|Any CPU.Build.0 = Debug|Any CPU
		{79B56B3F-AAF9-404E-81FA-09CF72004019}.Release|Any CPU.ActiveCfg = Release|Any CPU
		{79B56B3F-AAF9-404E-81FA-09CF72004019}.Release|Any CPU.Build.0 = Release|Any CPU
		{A6759497-8F90-4631-8698-9AC2365C6364}.Debug|Any CPU.ActiveCfg = Debug|Any CPU
		{A6759497-8F90-4631-8698-9AC2365C6364}.Debug|Any CPU.Build.0 = Debug|Any CPU
		{A6759497-8F90-4631-8698-9AC2365C6364}.Release|Any CPU.ActiveCfg = Release|Any CPU
		{A6759497-8F90-4631-8698-9AC2365C6364}.Release|Any CPU.Build.0 = Release|Any CPU
	EndGlobalSection
	GlobalSection(SolutionProperties) = preSolution
		HideSolutionNode = FALSE
	EndGlobalSection
	GlobalSection(NestedProjects) = preSolution
		{A6FB553E-A44E-42BA-A605-19DF8F340582} = {70A2642C-26EB-47B3-8F4E-A27ED0F289D5}
		{D835C5B8-0FA1-45DD-ACD2-300C420E8951} = {70A2642C-26EB-47B3-8F4E-A27ED0F289D5}
		{404DF6EF-9F13-485B-9042-C46CEE941677} = {70A2642C-26EB-47B3-8F4E-A27ED0F289D5}
		{58FABF54-FD79-4970-8787-79A6FB4F84A7} = {70A2642C-26EB-47B3-8F4E-A27ED0F289D5}
		{2E2A394B-78D3-4285-98CD-851FDB09DF2B} = {DA52BDC1-C4E6-4393-B685-F8ADA53AA7E6}
		{1EDE4DBB-7073-46D1-97D8-236FA8D4DCD0} = {AF3F2886-0AA8-4B7A-A1F9-1A8EE402F22F}
		{43FA652E-EDC8-44CB-98E1-D186371503BE} = {AF3F2886-0AA8-4B7A-A1F9-1A8EE402F22F}
		{13A9A5B6-BC3C-45ED-87C5-F82D23090760} = {70A2642C-26EB-47B3-8F4E-A27ED0F289D5}
		{6AC91633-C453-4A4A-9333-C2A0752B4C0D} = {AF3F2886-0AA8-4B7A-A1F9-1A8EE402F22F}
		{CF5C1C4F-677C-4EF1-AFEC-5D2AD459D2C8} = {AF3F2886-0AA8-4B7A-A1F9-1A8EE402F22F}
		{A3B20486-0351-4EE6-A466-827391E71EA5} = {AF3F2886-0AA8-4B7A-A1F9-1A8EE402F22F}
		{3E5BA511-FDB7-4290-B6AA-E48651DB3730} = {AF3F2886-0AA8-4B7A-A1F9-1A8EE402F22F}
		{D4785E7E-7A3F-4B8F-88CE-38321C2CEF18} = {38C5FA77-9FF3-4EA6-AC5D-30A3F3BB9978}
		{881AD1C9-89FA-4549-ABE6-FAB6A4C72D07} = {38C5FA77-9FF3-4EA6-AC5D-30A3F3BB9978}
		{79B56B3F-AAF9-404E-81FA-09CF72004019} = {38C5FA77-9FF3-4EA6-AC5D-30A3F3BB9978}
		{A6759497-8F90-4631-8698-9AC2365C6364} = {38C5FA77-9FF3-4EA6-AC5D-30A3F3BB9978}
	EndGlobalSection
	GlobalSection(ExtensibilityGlobals) = postSolution
		SolutionGuid = {EFB59D0B-4FB2-467F-8591-72A0E4D6F0EE}
	EndGlobalSection
EndGlobal
